iran
irã
tehran
teerã
irgc
revolutionary guard
israel
gaza
hamas
hezbollah
usa
eua
middle east
oriente médio
war
guerra
conflict
conflito
attack
ataque
strike
missile
drone
rocket
military
militar
retaliation
retaliação
ceasefire
cessar-fogo
agreement
acordo
negociações
negotiation
nuclear
sanctions
sanções
khamenei
ormuz