BBC Internacional,https://feeds.bbci.co.uk/news/world/rss.xml
Folha de São Paulo,https://feeds.folha.uol.com.br/mundo/rss091.xml
Deutsch Welle,https://rss.dw.com/rdf/rss-en-all
Voz da América,https://www.voanews.com/api/epiqq
Global Voices,https://pt.globalvoices.org/feed/
Le Monde,https://www.lemonde.fr/en/middle-east/rss_full.xml
The Guardian,https://www.theguardian.com/world/rss
CNN,http://rss.cnn.com/rss/edition_world.rss